
Microsoft Visual Studio Solution File, Format Version 12.00
# Visual Studio Version 17
VisualStudioVersion = 17.2.32630.192
MinimumVisualStudioVersion = 10.0.40219.1
Project("{FAE04EC0-301F-11D3-BF4B-00C04F79EFBC}") = "CafeOrderingSystem", "CafeOrderingSystem.csproj", "{BC7E52F5-C7F3-4207-A1DB-4355CA241F62}"
EndProject
Global
	GlobalSection(SolutionConfigurationPlatforms) = preSolution
		Debug|Any CPU = Debug|Any CPU
		Release|Any CPU = Release|Any CPU
	EndGlobalSection
	GlobalSection(ProjectConfigurationPlatforms) = postSolution
		{BC7E52F5-C7F3-4207-A1DB-4355CA241F62}.Debug|Any CPU.ActiveCfg = Debug|Any CPU
		{BC7E52F5-C7F3-4207-A1DB-4355CA241F62}.Debug|Any CPU.Build.0 = Debug|Any CPU
		{BC7E52F5-C7F3-4207-A1DB-4355CA241F62}.Release|Any CPU.ActiveCfg = Release|Any CPU
		{BC7E52F5-C7F3-4207-A1DB-4355CA241F62}.Release|Any CPU.Build.0 = Release|Any CPU
	EndGlobalSection
	GlobalSection(SolutionProperties) = preSolution
		HideSolutionNode = FALSE
	EndGlobalSection
	GlobalSection(ExtensibilityGlobals) = postSolution
		SolutionGuid = {00DF4C4F-0611-4E25-ABAE-AC8CEBE84880}
	EndGlobalSection
EndGlobal
